
Microsoft Visual Studio Solution File, Format Version 12.00
# Visual Studio Version 17
VisualStudioVersion = 17.2.32408.312
MinimumVisualStudioVersion = 10.0.40219.1
Project("{9A19103F-16F7-4668-BE54-9A1E7A4F7556}") = "WPF Application", "WPF\WPF Application.csproj", "{AEB176C2-14E7-488C-BB3A-1BA664BB049B}"
	ProjectSection(ProjectDependencies) = postProject
		{D50AEE11-A61E-43B5-9603-87A3A44A33FA} = {D50AEE11-A61E-43B5-9603-87A3A44A33FA}
	EndProjectSection
EndProject
Project("{9A19103F-16F7-4668-BE54-9A1E7A4F7556}") = "Model", "Model\Model.csproj", "{F4B61145-CFA9-4D8B-A0C8-DD22F1842F7C}"
EndProject
Project("{9A19103F-16F7-4668-BE54-9A1E7A4F7556}") = "Helper", "Helper\Helper.csproj", "{3E4A6837-231D-403B-8EA4-AF61C231E777}"
EndProject
Project("{9A19103F-16F7-4668-BE54-9A1E7A4F7556}") = "Infrastructure", "Infrastructure\Infrastructure.csproj", "{AF9EA895-1225-4EE6-994F-35E45CCF007D}"
EndProject
Project("{9A19103F-16F7-4668-BE54-9A1E7A4F7556}") = "Extensions", "Extensions\Extensions.csproj", "{C835F402-5C60-402C-9201-708A12E0D5F7}"
EndProject
Project("{9A19103F-16F7-4668-BE54-9A1E7A4F7556}") = "Service", "Service\Service.csproj", "{FFB906C8-22B9-4374-A70B-BD649F9330D6}"
EndProject
Project("{9A19103F-16F7-4668-BE54-9A1E7A4F7556}") = "Viewmodel", "Viewmodel\Viewmodel.csproj", "{D50AEE11-A61E-43B5-9603-87A3A44A33FA}"
	ProjectSection(ProjectDependencies) = postProject
		{3E4A6837-231D-403B-8EA4-AF61C231E777} = {3E4A6837-231D-403B-8EA4-AF61C231E777}
		{AF9EA895-1225-4EE6-994F-35E45CCF007D} = {AF9EA895-1225-4EE6-994F-35E45CCF007D}
		{C835F402-5C60-402C-9201-708A12E0D5F7} = {C835F402-5C60-402C-9201-708A12E0D5F7}
		{F4B61145-CFA9-4D8B-A0C8-DD22F1842F7C} = {F4B61145-CFA9-4D8B-A0C8-DD22F1842F7C}
	EndProjectSection
EndProject
Project("{54435603-DBB4-11D2-8724-00A0C9A8B90C}") = "Setup", "Setup\Setup.vdproj", "{F74602DB-0D09-465D-B982-410AD163CA7B}"
EndProject
Global
	GlobalSection(SolutionConfigurationPlatforms) = preSolution
		Debug|Any CPU = Debug|Any CPU
		Release|Any CPU = Release|Any CPU
	EndGlobalSection
	GlobalSection(ProjectConfigurationPlatforms) = postSolution
		{AEB176C2-14E7-488C-BB3A-1BA664BB049B}.Debug|Any CPU.ActiveCfg = Debug|Any CPU
		{AEB176C2-14E7-488C-BB3A-1BA664BB049B}.Debug|Any CPU.Build.0 = Debug|Any CPU
		{AEB176C2-14E7-488C-BB3A-1BA664BB049B}.Release|Any CPU.ActiveCfg = Release|Any CPU
		{AEB176C2-14E7-488C-BB3A-1BA664BB049B}.Release|Any CPU.Build.0 = Release|Any CPU
		{F4B61145-CFA9-4D8B-A0C8-DD22F1842F7C}.Debug|Any CPU.ActiveCfg = Debug|Any CPU
		{F4B61145-CFA9-4D8B-A0C8-DD22F1842F7C}.Debug|Any CPU.Build.0 = Debug|Any CPU
		{F4B61145-CFA9-4D8B-A0C8-DD22F1842F7C}.Release|Any CPU.ActiveCfg = Release|Any CPU
		{F4B61145-CFA9-4D8B-A0C8-DD22F1842F7C}.Release|Any CPU.Build.0 = Release|Any CPU
		{3E4A6837-231D-403B-8EA4-AF61C231E777}.Debug|Any CPU.ActiveCfg = Debug|Any CPU
		{3E4A6837-231D-403B-8EA4-AF61C231E777}.Debug|Any CPU.Build.0 = Debug|Any CPU
		{3E4A6837-231D-403B-8EA4-AF61C231E777}.Release|Any CPU.ActiveCfg = Release|Any CPU
		{3E4A6837-231D-403B-8EA4-AF61C231E777}.Release|Any CPU.Build.0 = Release|Any CPU
		{AF9EA895-1225-4EE6-994F-35E45CCF007D}.Debug|Any CPU.ActiveCfg = Debug|Any CPU
		{AF9EA895-1225-4EE6-994F-35E45CCF007D}.Debug|Any CPU.Build.0 = Debug|Any CPU
		{AF9EA895-1225-4EE6-994F-35E45CCF007D}.Release|Any CPU.ActiveCfg = Release|Any CPU
		{AF9EA895-1225-4EE6-994F-35E45CCF007D}.Release|Any CPU.Build.0 = Release|Any CPU
		{C835F402-5C60-402C-9201-708A12E0D5F7}.Debug|Any CPU.ActiveCfg = Debug|Any CPU
		{C835F402-5C60-402C-9201-708A12E0D5F7}.Debug|Any CPU.Build.0 = Debug|Any CPU
		{C835F402-5C60-402C-9201-708A12E0D5F7}.Release|Any CPU.ActiveCfg = Release|Any CPU
		{C835F402-5C60-402C-9201-708A12E0D5F7}.Release|Any CPU.Build.0 = Release|Any CPU
		{FFB906C8-22B9-4374-A70B-BD649F9330D6}.Debug|Any CPU.ActiveCfg = Debug|Any CPU
		{FFB906C8-22B9-4374-A70B-BD649F9330D6}.Debug|Any CPU.Build.0 = Debug|Any CPU
		{FFB906C8-22B9-4374-A70B-BD649F9330D6}.Release|Any CPU.ActiveCfg = Release|Any CPU
		{FFB906C8-22B9-4374-A70B-BD649F9330D6}.Release|Any CPU.Build.0 = Release|Any CPU
		{D50AEE11-A61E-43B5-9603-87A3A44A33FA}.Debug|Any CPU.ActiveCfg = Debug|Any CPU
		{D50AEE11-A61E-43B5-9603-87A3A44A33FA}.Debug|Any CPU.Build.0 = Debug|Any CPU
		{D50AEE11-A61E-43B5-9603-87A3A44A33FA}.Release|Any CPU.ActiveCfg = Release|Any CPU
		{D50AEE11-A61E-43B5-9603-87A3A44A33FA}.Release|Any CPU.Build.0 = Release|Any CPU
		{F74602DB-0D09-465D-B982-410AD163CA7B}.Debug|Any CPU.ActiveCfg = Debug
		{F74602DB-0D09-465D-B982-410AD163CA7B}.Release|Any CPU.ActiveCfg = Release
	EndGlobalSection
	GlobalSection(SolutionProperties) = preSolution
		HideSolutionNode = FALSE
	EndGlobalSection
	GlobalSection(ExtensibilityGlobals) = postSolution
		SolutionGuid = {8D0C6997-636D-42A7-B03D-ACA3A3E2C6F6}
	EndGlobalSection
EndGlobal
